
Microsoft Visual Studio Solution File, Format Version 12.00
# Visual Studio Version 17
VisualStudioVersion = 17.14.36401.2 d17.14
MinimumVisualStudioVersion = 10.0.40219.1
Project("{FAE04EC0-301F-11D3-BF4B-00C04F79EFBC}") = "Ex_2", "Ex_2\Ex_2.csproj", "{B44705CC-0F9E-4A33-9ADE-88FE6A2FCE9A}"
EndProject
Global
	GlobalSection(SolutionConfigurationPlatforms) = preSolution
		Debug|Any CPU = Debug|Any CPU
		Release|Any CPU = Release|Any CPU
	EndGlobalSection
	GlobalSection(ProjectConfigurationPlatforms) = postSolution
		{B44705CC-0F9E-4A33-9ADE-88FE6A2FCE9A}.Debug|Any CPU.ActiveCfg = Debug|Any CPU
		{B44705CC-0F9E-4A33-9ADE-88FE6A2FCE9A}.Debug|Any CPU.Build.0 = Debug|Any CPU
		{B44705CC-0F9E-4A33-9ADE-88FE6A2FCE9A}.Release|Any CPU.ActiveCfg = Release|Any CPU
		{B44705CC-0F9E-4A33-9ADE-88FE6A2FCE9A}.Release|Any CPU.Build.0 = Release|Any CPU
	EndGlobalSection
	GlobalSection(SolutionProperties) = preSolution
		HideSolutionNode = FALSE
	EndGlobalSection
	GlobalSection(ExtensibilityGlobals) = postSolution
		SolutionGuid = {AD54CCA9-C5F1-4B09-BCB2-2B77A532223E}
	EndGlobalSection
EndGlobal
