
Microsoft Visual Studio Solution File, Format Version 12.00
# Visual Studio Version 17
VisualStudioVersion = 17.14.36401.2 d17.14
MinimumVisualStudioVersion = 10.0.40219.1
Project("{FAE04EC0-301F-11D3-BF4B-00C04F79EFBC}") = "Ex_1", "Ex_1\Ex_1.csproj", "{D130134F-0F28-4697-B447-96EC79856ABC}"
EndProject
Global
	GlobalSection(SolutionConfigurationPlatforms) = preSolution
		Debug|Any CPU = Debug|Any CPU
		Release|Any CPU = Release|Any CPU
	EndGlobalSection
	GlobalSection(ProjectConfigurationPlatforms) = postSolution
		{D130134F-0F28-4697-B447-96EC79856ABC}.Debug|Any CPU.ActiveCfg = Debug|Any CPU
		{D130134F-0F28-4697-B447-96EC79856ABC}.Debug|Any CPU.Build.0 = Debug|Any CPU
		{D130134F-0F28-4697-B447-96EC79856ABC}.Release|Any CPU.ActiveCfg = Release|Any CPU
		{D130134F-0F28-4697-B447-96EC79856ABC}.Release|Any CPU.Build.0 = Release|Any CPU
	EndGlobalSection
	GlobalSection(SolutionProperties) = preSolution
		HideSolutionNode = FALSE
	EndGlobalSection
	GlobalSection(ExtensibilityGlobals) = postSolution
		SolutionGuid = {FFF51133-5573-40C0-9CC8-FE8FA5047294}
	EndGlobalSection
EndGlobal
